
Microsoft Visual Studio Solution File, Format Version 12.00
# Visual Studio Version 17
VisualStudioVersion = 17.0.32112.339
MinimumVisualStudioVersion = 10.0.40219.1
Project("{FAE04EC0-301F-11D3-BF4B-00C04F79EFBC}") = "leer un número y escriba su cuadrado", "leer un número y escriba su cuadrado.\leer un número y escriba su cuadrado.csproj", "{BE2510B8-6986-4600-800E-0AF3B578BDFA}"
EndProject
Global
	GlobalSection(SolutionConfigurationPlatforms) = preSolution
		Debug|Any CPU = Debug|Any CPU
		Release|Any CPU = Release|Any CPU
	EndGlobalSection
	GlobalSection(ProjectConfigurationPlatforms) = postSolution
		{BE2510B8-6986-4600-800E-0AF3B578BDFA}.Debug|Any CPU.ActiveCfg = Debug|Any CPU
		{BE2510B8-6986-4600-800E-0AF3B578BDFA}.Debug|Any CPU.Build.0 = Debug|Any CPU
		{BE2510B8-6986-4600-800E-0AF3B578BDFA}.Release|Any CPU.ActiveCfg = Release|Any CPU
		{BE2510B8-6986-4600-800E-0AF3B578BDFA}.Release|Any CPU.Build.0 = Release|Any CPU
	EndGlobalSection
	GlobalSection(SolutionProperties) = preSolution
		HideSolutionNode = FALSE
	EndGlobalSection
	GlobalSection(ExtensibilityGlobals) = postSolution
		SolutionGuid = {F80F659F-8213-4520-9B3F-B54D2F06FF09}
	EndGlobalSection
EndGlobal
