
Microsoft Visual Studio Solution File, Format Version 12.00
# Visual Studio Version 17
VisualStudioVersion = 17.0.32112.339
MinimumVisualStudioVersion = 10.0.40219.1
Project("{FAE04EC0-301F-11D3-BF4B-00C04F79EFBC}") = "Kb a Mb", "Kb a Mb\Kb a Mb.csproj", "{C91D4894-D7B0-475C-9AD2-F9B560F922D3}"
EndProject
Global
	GlobalSection(SolutionConfigurationPlatforms) = preSolution
		Debug|Any CPU = Debug|Any CPU
		Release|Any CPU = Release|Any CPU
	EndGlobalSection
	GlobalSection(ProjectConfigurationPlatforms) = postSolution
		{C91D4894-D7B0-475C-9AD2-F9B560F922D3}.Debug|Any CPU.ActiveCfg = Debug|Any CPU
		{C91D4894-D7B0-475C-9AD2-F9B560F922D3}.Debug|Any CPU.Build.0 = Debug|Any CPU
		{C91D4894-D7B0-475C-9AD2-F9B560F922D3}.Release|Any CPU.ActiveCfg = Release|Any CPU
		{C91D4894-D7B0-475C-9AD2-F9B560F922D3}.Release|Any CPU.Build.0 = Release|Any CPU
	EndGlobalSection
	GlobalSection(SolutionProperties) = preSolution
		HideSolutionNode = FALSE
	EndGlobalSection
	GlobalSection(ExtensibilityGlobals) = postSolution
		SolutionGuid = {ED438E31-74C6-4D16-A22E-68A094495BA2}
	EndGlobalSection
EndGlobal
